
Microsoft Visual Studio Solution File, Format Version 10.00
# Visual Studio 2008
Project("{2150E333-8FDC-42A3-9474-1A3956D46DE8}") = "Solution Items", "Solution Items", "{91B917CA-01FF-422B-96F0-2A2D610575DD}"
	ProjectSection(SolutionItems) = preProject
		localtestrun.testrunconfig = localtestrun.testrunconfig
		Numerics.vsmdi = Numerics.vsmdi
	EndProjectSection
EndProject
Project("{FAE04EC0-301F-11D3-BF4B-00C04F79EFBC}") = "Core", "Core\Core.csproj", "{1CAF1461-33A0-4792-BF02-9B837E06E76A}"
EndProject
Project("{FAE04EC0-301F-11D3-BF4B-00C04F79EFBC}") = "Web", "Web\Web.csproj", "{BFA6E77B-D440-4005-995C-25BD3E46D5FD}"
EndProject
Project("{54435603-DBB4-11D2-8724-00A0C9A8B90C}") = "Installer", "Installer\Installer.vdproj", "{EC27A803-5F8A-4D79-8C43-0B47854F6B6F}"
EndProject
Project("{FAE04EC0-301F-11D3-BF4B-00C04F79EFBC}") = "Test", "Test\Test.csproj", "{7D0311C9-EEA3-4DCF-AC9E-25A20B0901F6}"
EndProject
Project("{FAE04EC0-301F-11D3-BF4B-00C04F79EFBC}") = "Extensions", "Extensions\Extensions.csproj", "{C3E939F6-6F35-4187-BCE4-A7ADB92850F1}"
EndProject
Project("{FAE04EC0-301F-11D3-BF4B-00C04F79EFBC}") = "Graphics", "Graphics\Graphics.csproj", "{450F8924-5025-467A-99F4-47F61CBE9C83}"
EndProject
Project("{FAE04EC0-301F-11D3-BF4B-00C04F79EFBC}") = "Plotting", "Plotting\Plotting.csproj", "{835F91BC-2B8F-49EB-8920-662DBB7014F4}"
EndProject
Global
	GlobalSection(TeamFoundationVersionControl) = preSolution
		SccNumberOfProjects = 2
		SccEnterpriseProvider = {4CA58AB2-18FA-4F8D-95D4-32DDF27D184C}
		SccTeamFoundationServer = https://tfs10.codeplex.com/
		SccProjectUniqueName0 = Core\\Core.csproj
		SccProjectName0 = Core
		SccAuxPath0 = https://tfs10.codeplex.com
		SccLocalPath0 = Core
		SccProvider0 = {4CA58AB2-18FA-4F8D-95D4-32DDF27D184C}
		SccProjectUniqueName1 = Test\\Test.csproj
		SccProjectName1 = Test
		SccAuxPath1 = https://tfs10.codeplex.com
		SccLocalPath1 = Test
		SccProvider1 = {4CA58AB2-18FA-4F8D-95D4-32DDF27D184C}
	EndGlobalSection
	GlobalSection(TestCaseManagementSettings) = postSolution
		CategoryFile = Numerics.vsmdi
	EndGlobalSection
	GlobalSection(SolutionConfigurationPlatforms) = preSolution
		Debug|Any CPU = Debug|Any CPU
		Release|Any CPU = Release|Any CPU
	EndGlobalSection
	GlobalSection(ProjectConfigurationPlatforms) = postSolution
		{1CAF1461-33A0-4792-BF02-9B837E06E76A}.Debug|Any CPU.ActiveCfg = Debug|Any CPU
		{1CAF1461-33A0-4792-BF02-9B837E06E76A}.Debug|Any CPU.Build.0 = Debug|Any CPU
		{1CAF1461-33A0-4792-BF02-9B837E06E76A}.Release|Any CPU.ActiveCfg = Release|Any CPU
		{1CAF1461-33A0-4792-BF02-9B837E06E76A}.Release|Any CPU.Build.0 = Release|Any CPU
		{BFA6E77B-D440-4005-995C-25BD3E46D5FD}.Debug|Any CPU.ActiveCfg = Debug|Any CPU
		{BFA6E77B-D440-4005-995C-25BD3E46D5FD}.Debug|Any CPU.Build.0 = Debug|Any CPU
		{BFA6E77B-D440-4005-995C-25BD3E46D5FD}.Release|Any CPU.ActiveCfg = Release|Any CPU
		{BFA6E77B-D440-4005-995C-25BD3E46D5FD}.Release|Any CPU.Build.0 = Release|Any CPU
		{EC27A803-5F8A-4D79-8C43-0B47854F6B6F}.Debug|Any CPU.ActiveCfg = Debug
		{EC27A803-5F8A-4D79-8C43-0B47854F6B6F}.Release|Any CPU.ActiveCfg = Release
		{7D0311C9-EEA3-4DCF-AC9E-25A20B0901F6}.Debug|Any CPU.ActiveCfg = Debug|Any CPU
		{7D0311C9-EEA3-4DCF-AC9E-25A20B0901F6}.Debug|Any CPU.Build.0 = Debug|Any CPU
		{7D0311C9-EEA3-4DCF-AC9E-25A20B0901F6}.Release|Any CPU.ActiveCfg = Release|Any CPU
		{7D0311C9-EEA3-4DCF-AC9E-25A20B0901F6}.Release|Any CPU.Build.0 = Release|Any CPU
		{C3E939F6-6F35-4187-BCE4-A7ADB92850F1}.Debug|Any CPU.ActiveCfg = Debug|Any CPU
		{C3E939F6-6F35-4187-BCE4-A7ADB92850F1}.Debug|Any CPU.Build.0 = Debug|Any CPU
		{C3E939F6-6F35-4187-BCE4-A7ADB92850F1}.Release|Any CPU.ActiveCfg = Release|Any CPU
		{C3E939F6-6F35-4187-BCE4-A7ADB92850F1}.Release|Any CPU.Build.0 = Release|Any CPU
		{450F8924-5025-467A-99F4-47F61CBE9C83}.Debug|Any CPU.ActiveCfg = Debug|Any CPU
		{450F8924-5025-467A-99F4-47F61CBE9C83}.Debug|Any CPU.Build.0 = Debug|Any CPU
		{450F8924-5025-467A-99F4-47F61CBE9C83}.Release|Any CPU.ActiveCfg = Release|Any CPU
		{450F8924-5025-467A-99F4-47F61CBE9C83}.Release|Any CPU.Build.0 = Release|Any CPU
		{835F91BC-2B8F-49EB-8920-662DBB7014F4}.Debug|Any CPU.ActiveCfg = Debug|Any CPU
		{835F91BC-2B8F-49EB-8920-662DBB7014F4}.Debug|Any CPU.Build.0 = Debug|Any CPU
		{835F91BC-2B8F-49EB-8920-662DBB7014F4}.Release|Any CPU.ActiveCfg = Release|Any CPU
		{835F91BC-2B8F-49EB-8920-662DBB7014F4}.Release|Any CPU.Build.0 = Release|Any CPU
	EndGlobalSection
	GlobalSection(SolutionProperties) = preSolution
		HideSolutionNode = FALSE
	EndGlobalSection
EndGlobal
